<?xml version="1.0" encoding="utf-8"?>
<Project ToolsVersion="4.0" xmlns="http://schemas.microsoft.com/developer/msbuild/2003">
  <ItemGroup>
    <Filter Include="Source Files">
      <UniqueIdentifier>{4FC737F1-C7A5-4376-A066-2A32D752A2FF}</UniqueIdentifier>
      <Extensions>cpp;c;cc;cxx;c++;cppm;ixx;def;odl;idl;hpj;bat;asm;asmx</Extensions>
    </Filter>
    <Filter Include="Header Files">
      <UniqueIdentifier>{93995380-89BD-4b04-88EB-625FBE52EBFB}</UniqueIdentifier>
      <Extensions>h;hh;hpp;hxx;h++;hm;inl;inc;ipp;xsd</Extensions>
    </Filter>
    <Filter Include="Resource Files">
      <UniqueIdentifier>{67DA6AB6-F800-4c08-8B7A-83BB121AAD01}</UniqueIdentifier>
      <Extensions>rc;ico;cur;bmp;dlg;rc2;rct;bin;rgs;gif;jpg;jpeg;jpe;resx;tiff;tif;png;wav;mfcribbon-ms</Extensions>
    </Filter>
  </ItemGroup>
  <ItemGroup>
    <ClCompile Include="Network\LanServer_1.cpp">
      <Filter>Source Files</Filter>
    </ClCompile>
    <ClCompile Include="Network\LanServer_2.cpp">
      <Filter>Source Files</Filter>
    </ClCompile>
    <ClCompile Include="Utils\Logger.cpp">
      <Filter>Source Files</Filter>
    </ClCompile>
    <ClCompile Include="Utils\TickController.cpp">
      <Filter>Source Files</Filter>
    </ClCompile>
    <ClCompile Include="FighterServerMain.cpp">
      <Filter>Source Files</Filter>
    </ClCompile>
    <ClCompile Include="TestServerMain.cpp">
      <Filter>Source Files</Filter>
    </ClCompile>
    <ClCompile Include="Network\LanClient_1.cpp">
      <Filter>Source Files</Filter>
    </ClCompile>
    <ClCompile Include="Network\LanClient_2.cpp">
      <Filter>Source Files</Filter>
    </ClCompile>
    <ClCompile Include="Contents\TestServer.cpp">
      <Filter>Source Files</Filter>
    </ClCompile>
    <ClCompile Include="Contents\FighterServer.cpp">
      <Filter>Source Files</Filter>
    </ClCompile>
    <ClCompile Include="Contents\Player.cpp">
      <Filter>Source Files</Filter>
    </ClCompile>
    <ClCompile Include="Contents\RPCModule.cpp">
      <Filter>Source Files</Filter>
    </ClCompile>
    <ClCompile Include="Utils\RecvPacket.cpp">
      <Filter>Source Files</Filter>
    </ClCompile>
  </ItemGroup>
  <ItemGroup>
    <ClInclude Include="Common.h">
      <Filter>Header Files</Filter>
    </ClInclude>
    <ClInclude Include="Utils\TickController.h">
      <Filter>Header Files</Filter>
    </ClInclude>
    <ClInclude Include="Utils\ConfigLoader.h">
      <Filter>Header Files</Filter>
    </ClInclude>
    <ClInclude Include="Utils\List.h">
      <Filter>Header Files</Filter>
    </ClInclude>
    <ClInclude Include="Utils\Logger.h">
      <Filter>Header Files</Filter>
    </ClInclude>
    <ClInclude Include="Utils\MemoryLeak.h">
      <Filter>Header Files</Filter>
    </ClInclude>
    <ClInclude Include="Utils\MemoryOverflow.h">
      <Filter>Header Files</Filter>
    </ClInclude>
    <ClInclude Include="Utils\TMemoryPool.h">
      <Filter>Header Files</Filter>
    </ClInclude>
    <ClInclude Include="Utils\Profiler.h">
      <Filter>Header Files</Filter>
    </ClInclude>
    <ClInclude Include="Utils\Random.h">
      <Filter>Header Files</Filter>
    </ClInclude>
    <ClInclude Include="Utils\RingBuffer.h">
      <Filter>Header Files</Filter>
    </ClInclude>
    <ClInclude Include="Utils\Singleton.h">
      <Filter>Header Files</Filter>
    </ClInclude>
    <ClInclude Include="Network\LanServer.h">
      <Filter>Header Files</Filter>
    </ClInclude>
    <ClInclude Include="Utils\CrashDump.h">
      <Filter>Header Files</Filter>
    </ClInclude>
    <ClInclude Include="Network\LanClient.h">
      <Filter>Header Files</Filter>
    </ClInclude>
    <ClInclude Include="Contents\TestServer.h">
      <Filter>Header Files</Filter>
    </ClInclude>
    <ClInclude Include="Contents\FighterServer.h">
      <Filter>Header Files</Filter>
    </ClInclude>
    <ClInclude Include="Contents\Player.h">
      <Filter>Header Files</Filter>
    </ClInclude>
    <ClInclude Include="Utils\TRingBuffer.h">
      <Filter>Header Files</Filter>
    </ClInclude>
    <ClInclude Include="Network\Session.h">
      <Filter>Header Files</Filter>
    </ClInclude>
    <ClInclude Include="Utils\Packet.h">
      <Filter>Header Files</Filter>
    </ClInclude>
    <ClInclude Include="Utils\RecvPacket.h">
      <Filter>Header Files</Filter>
    </ClInclude>
    <ClInclude Include="Utils\Message.h">
      <Filter>Header Files</Filter>
    </ClInclude>
  </ItemGroup>
</Project>